
Microsoft Visual Studio Solution File, Format Version 12.00
# Visual Studio 15
VisualStudioVersion = 15.0.26228.9
MinimumVisualStudioVersion = 10.0.40219.1
Project("{FAE04EC0-301F-11D3-BF4B-00C04F79EFBC}") = "dogfight", "dogfight\dogfight.csproj", "{97A5B82D-F4C8-4658-B548-3B40BE42BBB8}"
EndProject
Global
	GlobalSection(SolutionConfigurationPlatforms) = preSolution
		Debug|x86 = Debug|x86
		Release|x86 = Release|x86
	EndGlobalSection
	GlobalSection(ProjectConfigurationPlatforms) = postSolution
		{97A5B82D-F4C8-4658-B548-3B40BE42BBB8}.Debug|x86.ActiveCfg = Debug|x86
		{97A5B82D-F4C8-4658-B548-3B40BE42BBB8}.Debug|x86.Build.0 = Debug|x86
		{97A5B82D-F4C8-4658-B548-3B40BE42BBB8}.Release|x86.ActiveCfg = Release|x86
		{97A5B82D-F4C8-4658-B548-3B40BE42BBB8}.Release|x86.Build.0 = Release|x86
	EndGlobalSection
	GlobalSection(SolutionProperties) = preSolution
		HideSolutionNode = FALSE
	EndGlobalSection
EndGlobal
